Microsoft Visual Studio Solution File, Format Version 12.00
# Visual Studio 15
VisualStudioVersion = 15.0.27130.2027
MinimumVisualStudioVersion = 15.0.26124.0
Project("{9A19103F-16F7-4668-BE54-9A1E7A4F7556}") = "ras-pi-cs.Server", "ras-pi-cs.Server\ras-pi-cs.Server.csproj", "{D810110E-7FBF-439E-9C90-0E0262781634}"
EndProject
Project("{9A19103F-16F7-4668-BE54-9A1E7A4F7556}") = "ras-pi-cs.Client", "ras-pi-cs.Client\ras-pi-cs.Client.csproj", "{6707098F-E610-4A40-AD1D-B803896BDFD1}"
EndProject
Project("{9A19103F-16F7-4668-BE54-9A1E7A4F7556}") = "ras-pi-cs.Shared", "ras-pi-cs.Shared\ras-pi-cs.Shared.csproj", "{887FC0C6-EAFD-4E1F-9D91-7B202ADE42D1}"
EndProject
Project("{FAE04EC0-301F-11D3-BF4B-00C04F79EFBC}") = "ras-pi-cs.Gpio", "ras-pi-cs.Gpio\ras-pi-cs.Gpio.csproj", "{9085E905-52BE-48A5-947B-867E00E90E7D}"
EndProject
Global
	GlobalSection(SolutionConfigurationPlatforms) = preSolution
		Debug|Any CPU = Debug|Any CPU
		Debug|x64 = Debug|x64
		Debug|x86 = Debug|x86
		Release|Any CPU = Release|Any CPU
		Release|x64 = Release|x64
		Release|x86 = Release|x86
	EndGlobalSection
	GlobalSection(ProjectConfigurationPlatforms) = postSolution
		{D810110E-7FBF-439E-9C90-0E0262781634}.Debug|Any CPU.ActiveCfg = Debug|Any CPU
		{D810110E-7FBF-439E-9C90-0E0262781634}.Debug|Any CPU.Build.0 = Debug|Any CPU
		{D810110E-7FBF-439E-9C90-0E0262781634}.Debug|x64.ActiveCfg = Debug|Any CPU
		{D810110E-7FBF-439E-9C90-0E0262781634}.Debug|x64.Build.0 = Debug|Any CPU
		{D810110E-7FBF-439E-9C90-0E0262781634}.Debug|x86.ActiveCfg = Debug|Any CPU
		{D810110E-7FBF-439E-9C90-0E0262781634}.Debug|x86.Build.0 = Debug|Any CPU
		{D810110E-7FBF-439E-9C90-0E0262781634}.Release|Any CPU.ActiveCfg = Release|Any CPU
		{D810110E-7FBF-439E-9C90-0E0262781634}.Release|Any CPU.Build.0 = Release|Any CPU
		{D810110E-7FBF-439E-9C90-0E0262781634}.Release|x64.ActiveCfg = Release|Any CPU
		{D810110E-7FBF-439E-9C90-0E0262781634}.Release|x64.Build.0 = Release|Any CPU
		{D810110E-7FBF-439E-9C90-0E0262781634}.Release|x86.ActiveCfg = Release|Any CPU
		{D810110E-7FBF-439E-9C90-0E0262781634}.Release|x86.Build.0 = Release|Any CPU
		{6707098F-E610-4A40-AD1D-B803896BDFD1}.Debug|Any CPU.ActiveCfg = Debug|Any CPU
		{6707098F-E610-4A40-AD1D-B803896BDFD1}.Debug|Any CPU.Build.0 = Debug|Any CPU
		{6707098F-E610-4A40-AD1D-B803896BDFD1}.Debug|x64.ActiveCfg = Debug|Any CPU
		{6707098F-E610-4A40-AD1D-B803896BDFD1}.Debug|x64.Build.0 = Debug|Any CPU
		{6707098F-E610-4A40-AD1D-B803896BDFD1}.Debug|x86.ActiveCfg = Debug|Any CPU
		{6707098F-E610-4A40-AD1D-B803896BDFD1}.Debug|x86.Build.0 = Debug|Any CPU
		{6707098F-E610-4A40-AD1D-B803896BDFD1}.Release|Any CPU.ActiveCfg = Release|Any CPU
		{6707098F-E610-4A40-AD1D-B803896BDFD1}.Release|Any CPU.Build.0 = Release|Any CPU
		{6707098F-E610-4A40-AD1D-B803896BDFD1}.Release|x64.ActiveCfg = Release|Any CPU
		{6707098F-E610-4A40-AD1D-B803896BDFD1}.Release|x64.Build.0 = Release|Any CPU
		{6707098F-E610-4A40-AD1D-B803896BDFD1}.Release|x86.ActiveCfg = Release|Any CPU
		{6707098F-E610-4A40-AD1D-B803896BDFD1}.Release|x86.Build.0 = Release|Any CPU
		{887FC0C6-EAFD-4E1F-9D91-7B202ADE42D1}.Debug|Any CPU.ActiveCfg = Debug|Any CPU
		{887FC0C6-EAFD-4E1F-9D91-7B202ADE42D1}.Debug|Any CPU.Build.0 = Debug|Any CPU
		{887FC0C6-EAFD-4E1F-9D91-7B202ADE42D1}.Debug|x64.ActiveCfg = Debug|Any CPU
		{887FC0C6-EAFD-4E1F-9D91-7B202ADE42D1}.Debug|x64.Build.0 = Debug|Any CPU
		{887FC0C6-EAFD-4E1F-9D91-7B202ADE42D1}.Debug|x86.ActiveCfg = Debug|Any CPU
		{887FC0C6-EAFD-4E1F-9D91-7B202ADE42D1}.Debug|x86.Build.0 = Debug|Any CPU
		{887FC0C6-EAFD-4E1F-9D91-7B202ADE42D1}.Release|Any CPU.ActiveCfg = Release|Any CPU
		{887FC0C6-EAFD-4E1F-9D91-7B202ADE42D1}.Release|Any CPU.Build.0 = Release|Any CPU
		{887FC0C6-EAFD-4E1F-9D91-7B202ADE42D1}.Release|x64.ActiveCfg = Release|Any CPU
		{887FC0C6-EAFD-4E1F-9D91-7B202ADE42D1}.Release|x64.Build.0 = Release|Any CPU
		{887FC0C6-EAFD-4E1F-9D91-7B202ADE42D1}.Release|x86.ActiveCfg = Release|Any CPU
		{887FC0C6-EAFD-4E1F-9D91-7B202ADE42D1}.Release|x86.Build.0 = Release|Any CPU
		{9085E905-52BE-48A5-947B-867E00E90E7D}.Debug|Any CPU.ActiveCfg = Debug|Any CPU
		{9085E905-52BE-48A5-947B-867E00E90E7D}.Debug|Any CPU.Build.0 = Debug|Any CPU
		{9085E905-52BE-48A5-947B-867E00E90E7D}.Debug|x64.ActiveCfg = Debug|Any CPU
		{9085E905-52BE-48A5-947B-867E00E90E7D}.Debug|x64.Build.0 = Debug|Any CPU
		{9085E905-52BE-48A5-947B-867E00E90E7D}.Debug|x86.ActiveCfg = Debug|Any CPU
		{9085E905-52BE-48A5-947B-867E00E90E7D}.Debug|x86.Build.0 = Debug|Any CPU
		{9085E905-52BE-48A5-947B-867E00E90E7D}.Release|Any CPU.ActiveCfg = Release|Any CPU
		{9085E905-52BE-48A5-947B-867E00E90E7D}.Release|Any CPU.Build.0 = Release|Any CPU
		{9085E905-52BE-48A5-947B-867E00E90E7D}.Release|x64.ActiveCfg = Release|Any CPU
		{9085E905-52BE-48A5-947B-867E00E90E7D}.Release|x64.Build.0 = Release|Any CPU
		{9085E905-52BE-48A5-947B-867E00E90E7D}.Release|x86.ActiveCfg = Release|Any CPU
		{9085E905-52BE-48A5-947B-867E00E90E7D}.Release|x86.Build.0 = Release|Any CPU
	EndGlobalSection
	GlobalSection(SolutionProperties) = preSolution
		HideSolutionNode = FALSE
	EndGlobalSection
	GlobalSection(ExtensibilityGlobals) = postSolution
		SolutionGuid = {B6AB3483-DEE3-47F0-8310-C33BD117F83D}
	EndGlobalSection
EndGlobal
